// !$*UTF8*$!
{
	archiveVersion = 1;
	classes = {
	};
	objectVersion = 46;
	objects = {

/* Begin PBXBuildFile section */
		3F2D533D1AF3E0D600437053 /* LoginViewController.swift in Sources */ = {isa = PBXBuildFile; fileRef = 3F2D533C1AF3E0D600437053 /* LoginViewController.swift */; };
		3F4C85301AFD199F00B3CD38 /* PasswordRater.swift in Sources */ = {isa = PBXBuildFile; fileRef = 3F4C852F1AFD199F00B3CD38 /* PasswordRater.swift */; };
		3F4C85321AFD19F900B3CD38 /* PasswordList.swift in Sources */ = {isa = PBXBuildFile; fileRef = 3F4C85311AFD19F900B3CD38 /* PasswordList.swift */; };
		3FA79E5D1AE6B66200EC36DF /* AppDelegate.swift in Sources */ = {isa = PBXBuildFile; fileRef = 3FA79E5C1AE6B66200EC36DF /* AppDelegate.swift */; };
		3FA79E5F1AE6B66200EC36DF /* ViewController.swift in Sources */ = {isa = PBXBuildFile; fileRef = 3FA79E5E1AE6B66200EC36DF /* ViewController.swift */; };
		3FA79E641AE6B66200EC36DF /* Images.xcassets in Resources */ = {isa = PBXBuildFile; fileRef = 3FA79E631AE6B66200EC36DF /* Images.xcassets */; };
		3FA79E671AE6B66200EC36DF /* LaunchScreen.xib in Resources */ = {isa = PBXBuildFile; fileRef = 3FA79E651AE6B66200EC36DF /* LaunchScreen.xib */; };
		3FA79E731AE6B66200EC36DF /* Password_KeeperTests.swift in Sources */ = {isa = PBXBuildFile; fileRef = 3FA79E721AE6B66200EC36DF /* Password_KeeperTests.swift */; };
		3FEE06721AEAA9E600FE4110 /* DetailViewController.swift in Sources */ = {isa = PBXBuildFile; fileRef = 3FEE06711AEAA9E600FE4110 /* DetailViewController.swift */; };
		3FF2D3B01AF7D3CD004D513A /* RegisterViewController.swift in Sources */ = {isa = PBXBuildFile; fileRef = 3FF2D3AF1AF7D3CD004D513A /* RegisterViewController.swift */; };
		3FF2D3B31AFBC6B9004D513A /* Main.storyboard in Resources */ = {isa = PBXBuildFile; fileRef = 3FF2D3B11AFBC6B9004D513A /* Main.storyboard */; };
/* End PBXBuildFile section */

/* Begin PBXContainerItemProxy section */
		3FA79E6D1AE6B66200EC36DF /* PBXContainerItemProxy */ = {
			isa = PBXContainerItemProxy;
			containerPortal = 3FA79E4F1AE6B66200EC36DF /* Project object */;
			proxyType = 1;
			remoteGlobalIDString = 3FA79E561AE6B66200EC36DF;
			remoteInfo = "Password Keeper";
		};
/* End PBXContainerItemProxy section */

/* Begin PBXFileReference section */
		3F2D533C1AF3E0D600437053 /* LoginViewController.swift */ = {isa = PBXFileReference; fileEncoding = 4; lastKnownFileType = sourcecode.swift; path = LoginViewController.swift; sourceTree = "<group>"; };
		3F4C852F1AFD199F00B3CD38 /* PasswordRater.swift */ = {isa = PBXFileReference; fileEncoding = 4; lastKnownFileType = sourcecode.swift; path = PasswordRater.swift; sourceTree = "<group>"; };
		3F4C85311AFD19F900B3CD38 /* PasswordList.swift */ = {isa = PBXFileReference; fileEncoding = 4; lastKnownFileType = sourcecode.swift; path = PasswordList.swift; sourceTree = "<group>"; };
		3FA79E571AE6B66200EC36DF /* Password Keeper.app */ = {isa = PBXFileReference; explicitFileType = wrapper.application; includeInIndex = 0; path = "Password Keeper.app"; sourceTree = BUILT_PRODUCTS_DIR; };
		3FA79E5B1AE6B66200EC36DF /* Info.plist */ = {isa = PBXFileReference; lastKnownFileType = text.plist.xml; path = Info.plist; sourceTree = "<group>"; };
		3FA79E5C1AE6B66200EC36DF /* AppDelegate.swift */ = {isa = PBXFileReference; lastKnownFileType = sourcecode.swift; path = AppDelegate.swift; sourceTree = "<group>"; };
		3FA79E5E1AE6B66200EC36DF /* ViewController.swift */ = {isa = PBXFileReference; lastKnownFileType = sourcecode.swift; path = ViewController.swift; sourceTree = "<group>"; };
		3FA79E631AE6B66200EC36DF /* Images.xcassets */ = {isa = PBXFileReference; lastKnownFileType = folder.assetcatalog; path = Images.xcassets; sourceTree = "<group>"; };
		3FA79E661AE6B66200EC36DF /* Base */ = {isa = PBXFileReference; lastKnownFileType = file.xib; name = Base; path = Base.lproj/LaunchScreen.xib; sourceTree = "<group>"; };
		3FA79E6C1AE6B66200EC36DF /* Password KeeperTests.xctest */ = {isa = PBXFileReference; explicitFileType = wrapper.cfbundle; includeInIndex = 0; path = "Password KeeperTests.xctest"; sourceTree = BUILT_PRODUCTS_DIR; };
		3FA79E711AE6B66200EC36DF /* Info.plist */ = {isa = PBXFileReference; lastKnownFileType = text.plist.xml; path = Info.plist; sourceTree = "<group>"; };
		3FA79E721AE6B66200EC36DF /* Password_KeeperTests.swift */ = {isa = PBXFileReference; lastKnownFileType = sourcecode.swift; path = Password_KeeperTests.swift; sourceTree = "<group>"; };
		3FEE06711AEAA9E600FE4110 /* DetailViewController.swift */ = {isa = PBXFileReference; fileEncoding = 4; lastKnownFileType = sourcecode.swift; path = DetailViewController.swift; sourceTree = "<group>"; };
		3FF2D3AF1AF7D3CD004D513A /* RegisterViewController.swift */ = {isa = PBXFileReference; fileEncoding = 4; lastKnownFileType = sourcecode.swift; path = RegisterViewController.swift; sourceTree = "<group>"; };
		3FF2D3B21AFBC6B9004D513A /* Base */ = {isa = PBXFileReference; lastKnownFileType = file.storyboard; name = Base; path = Base.lproj/Main.storyboard; sourceTree = "<group>"; };
/* End PBXFileReference section */

/* Begin PBXFrameworksBuildPhase section */
		3FA79E541AE6B66200EC36DF /* Frameworks */ = {
			isa = PBXFrameworksBuildPhase;
			buildActionMask = 2147483647;
			files = (
			);
			runOnlyForDeploymentPostprocessing = 0;
		};
		3FA79E691AE6B66200EC36DF /* Frameworks */ = {
			isa = PBXFrameworksBuildPhase;
			buildActionMask = 2147483647;
			files = (
			);
			runOnlyForDeploymentPostprocessing = 0;
		};
/* End PBXFrameworksBuildPhase section */

/* Begin PBXGroup section */
		3FA79E4E1AE6B66200EC36DF = {
			isa = PBXGroup;
			children = (
				3FA79E591AE6B66200EC36DF /* Password Keeper */,
				3FA79E6F1AE6B66200EC36DF /* Password KeeperTests */,
				3FA79E581AE6B66200EC36DF /* Products */,
			);
			sourceTree = "<group>";
		};
		3FA79E581AE6B66200EC36DF /* Products */ = {
			isa = PBXGroup;
			children = (
				3FA79E571AE6B66200EC36DF /* Password Keeper.app */,
				3FA79E6C1AE6B66200EC36DF /* Password KeeperTests.xctest */,
			);
			name = Products;
			sourceTree = "<group>";
		};
		3FA79E591AE6B66200EC36DF /* Password Keeper */ = {
			isa = PBXGroup;
			children = (
				3FA79E5C1AE6B66200EC36DF /* AppDelegate.swift */,
				3FA79E5E1AE6B66200EC36DF /* ViewController.swift */,
				3F4C852F1AFD199F00B3CD38 /* PasswordRater.swift */,
				3F2D533C1AF3E0D600437053 /* LoginViewController.swift */,
				3FF2D3AF1AF7D3CD004D513A /* RegisterViewController.swift */,
				3F4C85311AFD19F900B3CD38 /* PasswordList.swift */,
				3FEE06711AEAA9E600FE4110 /* DetailViewController.swift */,
				3FF2D3B11AFBC6B9004D513A /* Main.storyboard */,
				3FA79E631AE6B66200EC36DF /* Images.xcassets */,
				3FA79E651AE6B66200EC36DF /* LaunchScreen.xib */,
				3FA79E5A1AE6B66200EC36DF /* Supporting Files */,
			);
			path = "Password Keeper";
			sourceTree = "<group>";
		};
		3FA79E5A1AE6B66200EC36DF /* Supporting Files */ = {
			isa = PBXGroup;
			children = (
				3FA79E5B1AE6B66200EC36DF /* Info.plist */,
			);
			name = "Supporting Files";
			sourceTree = "<group>";
		};
		3FA79E6F1AE6B66200EC36DF /* Password KeeperTests */ = {
			isa = PBXGroup;
			children = (
				3FA79E721AE6B66200EC36DF /* Password_KeeperTests.swift */,
				3FA79E701AE6B66200EC36DF /* Supporting Files */,
			);
			path = "Password KeeperTests";
			sourceTree = "<group>";
		};
		3FA79E701AE6B66200EC36DF /* Supporting Files */ = {
			isa = PBXGroup;
			children = (
				3FA79E711AE6B66200EC36DF /* Info.plist */,
			);
			name = "Supporting Files";
			sourceTree = "<group>";
		};
/* End PBXGroup section */

/* Begin PBXNativeTarget section */
		3FA79E561AE6B66200EC36DF /* Password Keeper */ = {
			isa = PBXNativeTarget;
			buildConfigurationList = 3FA79E761AE6B66200EC36DF /* Build configuration list for PBXNativeTarget "Password Keeper" */;
			buildPhases = (
				3FA79E531AE6B66200EC36DF /* Sources */,
				3FA79E541AE6B66200EC36DF /* Frameworks */,
				3FA79E551AE6B66200EC36DF /* Resources */,
			);
			buildRules = (
			);
			dependencies = (
			);
			name = "Password Keeper";
			productName = "Password Keeper";
			productReference = 3FA79E571AE6B66200EC36DF /* Password Keeper.app */;
			productType = "com.apple.product-type.application";
		};
		3FA79E6B1AE6B66200EC36DF /* Password KeeperTests */ = {
			isa = PBXNativeTarget;
			buildConfigurationList = 3FA79E791AE6B66200EC36DF /* Build configuration list for PBXNativeTarget "Password KeeperTests" */;
			buildPhases = (
				3FA79E681AE6B66200EC36DF /* Sources */,
				3FA79E691AE6B66200EC36DF /* Frameworks */,
				3FA79E6A1AE6B66200EC36DF /* Resources */,
			);
			buildRules = (
			);
			dependencies = (
				3FA79E6E1AE6B66200EC36DF /* PBXTargetDependency */,
			);
			name = "Password KeeperTests";
			productName = "Password KeeperTests";
			productReference = 3FA79E6C1AE6B66200EC36DF /* Password KeeperTests.xctest */;
			productType = "com.apple.product-type.bundle.unit-test";
		};
/* End PBXNativeTarget section */

/* Begin PBXProject section */
		3FA79E4F1AE6B66200EC36DF /* Project object */ = {
			isa = PBXProject;
			attributes = {
				LastUpgradeCheck = 0610;
				ORGANIZATIONNAME = nmyren;
				TargetAttributes = {
					3FA79E561AE6B66200EC36DF = {
						CreatedOnToolsVersion = 6.1.1;
					};
					3FA79E6B1AE6B66200EC36DF = {
						CreatedOnToolsVersion = 6.1.1;
						TestTargetID = 3FA79E561AE6B66200EC36DF;
					};
				};
			};
			buildConfigurationList = 3FA79E521AE6B66200EC36DF /* Build configuration list for PBXProject "Password Keeper" */;
			compatibilityVersion = "Xcode 3.2";
			developmentRegion = English;
			hasScannedForEncodings = 0;
			knownRegions = (
				en,
				Base,
			);
			mainGroup = 3FA79E4E1AE6B66200EC36DF;
			productRefGroup = 3FA79E581AE6B66200EC36DF /* Products */;
			projectDirPath = "";
			projectRoot = "";
			targets = (
				3FA79E561AE6B66200EC36DF /* Password Keeper */,
				3FA79E6B1AE6B66200EC36DF /* Password KeeperTests */,
			);
		};
/* End PBXProject section */

/* Begin PBXResourcesBuildPhase section */
		3FA79E551AE6B66200EC36DF /* Resources */ = {
			isa = PBXResourcesBuildPhase;
			buildActionMask = 2147483647;
			files = (
				3FF2D3B31AFBC6B9004D513A /* Main.storyboard in Resources */,
				3FA79E671AE6B66200EC36DF /* LaunchScreen.xib in Resources */,
				3FA79E641AE6B66200EC36DF /* Images.xcassets in Resources */,
			);
			runOnlyForDeploymentPostprocessing = 0;
		};
		3FA79E6A1AE6B66200EC36DF /* Resources */ = {
			isa = PBXResourcesBuildPhase;
			buildActionMask = 2147483647;
			files = (
			);
			runOnlyForDeploymentPostprocessing = 0;
		};
/* End PBXResourcesBuildPhase section */

/* Begin PBXSourcesBuildPhase section */
		3FA79E531AE6B66200EC36DF /* Sources */ = {
			isa = PBXSourcesBuildPhase;
			buildActionMask = 2147483647;
			files = (
				3F2D533D1AF3E0D600437053 /* LoginViewController.swift in Sources */,
				3F4C85301AFD199F00B3CD38 /* PasswordRater.swift in Sources */,
				3FF2D3B01AF7D3CD004D513A /* RegisterViewController.swift in Sources */,
				3FEE06721AEAA9E600FE4110 /* DetailViewController.swift in Sources */,
				3FA79E5F1AE6B66200EC36DF /* ViewController.swift in Sources */,
				3FA79E5D1AE6B66200EC36DF /* AppDelegate.swift in Sources */,
				3F4C85321AFD19F900B3CD38 /* PasswordList.swift in Sources */,
			);
			runOnlyForDeploymentPostprocessing = 0;
		};
		3FA79E681AE6B66200EC36DF /* Sources */ = {
			isa = PBXSourcesBuildPhase;
			buildActionMask = 2147483647;
			files = (
				3FA79E731AE6B66200EC36DF /* Password_KeeperTests.swift in Sources */,
			);
			runOnlyForDeploymentPostprocessing = 0;
		};
/* End PBXSourcesBuildPhase section */

/* Begin PBXTargetDependency section */
		3FA79E6E1AE6B66200EC36DF /* PBXTargetDependency */ = {
			isa = PBXTargetDependency;
			target = 3FA79E561AE6B66200EC36DF /* Password Keeper */;
			targetProxy = 3FA79E6D1AE6B66200EC36DF /* PBXContainerItemProxy */;
		};
/* End PBXTargetDependency section */

/* Begin PBXVariantGroup section */
		3FA79E651AE6B66200EC36DF /* LaunchScreen.xib */ = {
			isa = PBXVariantGroup;
			children = (
				3FA79E661AE6B66200EC36DF /* Base */,
			);
			name = LaunchScreen.xib;
			sourceTree = "<group>";
		};
		3FF2D3B11AFBC6B9004D513A /* Main.storyboard */ = {
			isa = PBXVariantGroup;
			children = (
				3FF2D3B21AFBC6B9004D513A /* Base */,
			);
			name = Main.storyboard;
			sourceTree = "<group>";
		};
/* End PBXVariantGroup section */

/* Begin XCBuildConfiguration section */
		3FA79E741AE6B66200EC36DF /* Debug */ = {
			isa = XCBuildConfiguration;
			buildSettings = {
				ALWAYS_SEARCH_USER_PATHS = NO;
				CLANG_CXX_LANGUAGE_STANDARD = "gnu++0x";
				CLANG_CXX_LIBRARY = "libc++";
				CLANG_ENABLE_MODULES = YES;
				CLANG_ENABLE_OBJC_ARC = YES;
				CLANG_WARN_BOOL_CONVERSION = YES;
				CLANG_WARN_CONSTANT_CONVERSION = YES;
				CLANG_WARN_DIRECT_OBJC_ISA_USAGE = YES_ERROR;
				CLANG_WARN_EMPTY_BODY = YES;
				CLANG_WARN_ENUM_CONVERSION = YES;
				CLANG_WARN_INT_CONVERSION = YES;
				CLANG_WARN_OBJC_ROOT_CLASS = YES_ERROR;
				CLANG_WARN_UNREACHABLE_CODE = YES;
				CLANG_WARN__DUPLICATE_METHOD_MATCH = YES;
				"CODE_SIGN_IDENTITY[sdk=iphoneos*]" = "iPhone Developer";
				COPY_PHASE_STRIP = NO;
				ENABLE_STRICT_OBJC_MSGSEND = YES;
				GCC_C_LANGUAGE_STANDARD = gnu99;
				GCC_DYNAMIC_NO_PIC = NO;
				GCC_OPTIMIZATION_LEVEL = 0;
				GCC_PREPROCESSOR_DEFINITIONS = (
					"DEBUG=1",
					"$(inherited)",
				);
				GCC_SYMBOLS_PRIVATE_EXTERN = NO;
				GCC_WARN_64_TO_32_BIT_CONVERSION = YES;
				GCC_WARN_ABOUT_RETURN_TYPE = YES_ERROR;
				GCC_WARN_UNDECLARED_SELECTOR = YES;
				GCC_WARN_UNINITIALIZED_AUTOS = YES_AGGRESSIVE;
				GCC_WARN_UNUSED_FUNCTION = YES;
				GCC_WARN_UNUSED_VARIABLE = YES;
				IPHONEOS_DEPLOYMENT_TARGET = 8.1;
				MTL_ENABLE_DEBUG_INFO = YES;
				ONLY_ACTIVE_ARCH = YES;
				SDKROOT = iphoneos;
				SWIFT_OPTIMIZATION_LEVEL = "-Onone";
			};
			name = Debug;
		};
		3FA79E751AE6B66200EC36DF /* Release */ = {
			isa = XCBuildConfiguration;
			buildSettings = {
				ALWAYS_SEARCH_USER_PATHS = NO;
				CLANG_CXX_LANGUAGE_STANDARD = "gnu++0x";
				CLANG_CXX_LIBRARY = "libc++";
				CLANG_ENABLE_MODULES = YES;
				CLANG_ENABLE_OBJC_ARC = YES;
				CLANG_WARN_BOOL_CONVERSION = YES;
				CLANG_WARN_CONSTANT_CONVERSION = YES;
				CLANG_WARN_DIRECT_OBJC_ISA_USAGE = YES_ERROR;
				CLANG_WARN_EMPTY_BODY = YES;
				CLANG_WARN_ENUM_CONVERSION = YES;
				CLANG_WARN_INT_CONVERSION = YES;
				CLANG_WARN_OBJC_ROOT_CLASS = YES_ERROR;
				CLANG_WARN_UNREACHABLE_CODE = YES;
				CLANG_WARN__DUPLICATE_METHOD_MATCH = YES;
				"CODE_SIGN_IDENTITY[sdk=iphoneos*]" = "iPhone Developer";
				COPY_PHASE_STRIP = YES;
				ENABLE_NS_ASSERTIONS = NO;
				ENABLE_STRICT_OBJC_MSGSEND = YES;
				GCC_C_LANGUAGE_STANDARD = gnu99;
				GCC_WARN_64_TO_32_BIT_CONVERSION = YES;
				GCC_WARN_ABOUT_RETURN_TYPE = YES_ERROR;
				GCC_WARN_UNDECLARED_SELECTOR = YES;
				GCC_WARN_UNINITIALIZED_AUTOS = YES_AGGRESSIVE;
				GCC_WARN_UNUSED_FUNCTION = YES;
				GCC_WARN_UNUSED_VARIABLE = YES;
				IPHONEOS_DEPLOYMENT_TARGET = 8.1;
				MTL_ENABLE_DEBUG_INFO = NO;
				SDKROOT = iphoneos;
				VALIDATE_PRODUCT = YES;
			};
			name = Release;
		};
		3FA79E771AE6B66200EC36DF /* Debug */ = {
			isa = XCBuildConfiguration;
			buildSettings = {
				ASSETCATALOG_COMPILER_APPICON_NAME = AppIcon;
				INFOPLIST_FILE = "Password Keeper/Info.plist";
				LD_RUNPATH_SEARCH_PATHS = "$(inherited) @executable_path/Frameworks";
				PRODUCT_NAME = "$(TARGET_NAME)";
			};
			name = Debug;
		};
		3FA79E781AE6B66200EC36DF /* Release */ = {
			isa = XCBuildConfiguration;
			buildSettings = {
				ASSETCATALOG_COMPILER_APPICON_NAME = AppIcon;
				INFOPLIST_FILE = "Password Keeper/Info.plist";
				LD_RUNPATH_SEARCH_PATHS = "$(inherited) @executable_path/Frameworks";
				PRODUCT_NAME = "$(TARGET_NAME)";
			};
			name = Release;
		};
		3FA79E7A1AE6B66200EC36DF /* Debug */ = {
			isa = XCBuildConfiguration;
			buildSettings = {
				BUNDLE_LOADER = "$(TEST_HOST)";
				FRAMEWORK_SEARCH_PATHS = (
					"$(SDKROOT)/Developer/Library/Frameworks",
					"$(inherited)",
				);
				GCC_PREPROCESSOR_DEFINITIONS = (
					"DEBUG=1",
					"$(inherited)",
				);
				INFOPLIST_FILE = "Password KeeperTests/Info.plist";
				LD_RUNPATH_SEARCH_PATHS = "$(inherited) @executable_path/Frameworks @loader_path/Frameworks";
				PRODUCT_NAME = "$(TARGET_NAME)";
				TEST_HOST = "$(BUILT_PRODUCTS_DIR)/Password Keeper.app/Password Keeper";
			};
			name = Debug;
		};
		3FA79E7B1AE6B66200EC36DF /* Release */ = {
			isa = XCBuildConfiguration;
			buildSettings = {
				BUNDLE_LOADER = "$(TEST_HOST)";
				FRAMEWORK_SEARCH_PATHS = (
					"$(SDKROOT)/Developer/Library/Frameworks",
					"$(inherited)",
				);
				INFOPLIST_FILE = "Password KeeperTests/Info.plist";
				LD_RUNPATH_SEARCH_PATHS = "$(inherited) @executable_path/Frameworks @loader_path/Frameworks";
				PRODUCT_NAME = "$(TARGET_NAME)";
				TEST_HOST = "$(BUILT_PRODUCTS_DIR)/Password Keeper.app/Password Keeper";
			};
			name = Release;
		};
/* End XCBuildConfiguration section */

/* Begin XCConfigurationList section */
		3FA79E521AE6B66200EC36DF /* Build configuration list for PBXProject "Password Keeper" */ = {
			isa = XCConfigurationList;
			buildConfigurations = (
				3FA79E741AE6B66200EC36DF /* Debug */,
				3FA79E751AE6B66200EC36DF /* Release */,
			);
			defaultConfigurationIsVisible = 0;
			defaultConfigurationName = Release;
		};
		3FA79E761AE6B66200EC36DF /* Build configuration list for PBXNativeTarget "Password Keeper" */ = {
			isa = XCConfigurationList;
			buildConfigurations = (
				3FA79E771AE6B66200EC36DF /* Debug */,
				3FA79E781AE6B66200EC36DF /* Release */,
			);
			defaultConfigurationIsVisible = 0;
			defaultConfigurationName = Release;
		};
		3FA79E791AE6B66200EC36DF /* Build configuration list for PBXNativeTarget "Password KeeperTests" */ = {
			isa = XCConfigurationList;
			buildConfigurations = (
				3FA79E7A1AE6B66200EC36DF /* Debug */,
				3FA79E7B1AE6B66200EC36DF /* Release */,
			);
			defaultConfigurationIsVisible = 0;
			defaultConfigurationName = Release;
		};
/* End XCConfigurationList section */
	};
	rootObject = 3FA79E4F1AE6B66200EC36DF /* Project object */;
}
